# THIS IS AN AUTOGENERATED FILE. DO NOT EDIT THIS FILE DIRECTLY.
# yarn lockfile v1


"@babel/code-frame@7.12.11":
  version "7.12.11"
  resolved "https://registry.npmjs.org/@babel/code-frame/-/code-frame-7.12.11.tgz"
  dependencies:
    "@babel/highlight" "^7.10.4"

"@babel/helper-validator-identifier@^7.16.7":
  version "7.16.7"
  resolved "https://registry.npmjs.org/@babel/helper-validator-identifier/-/helper-validator-identifier-7.16.7.tgz"

"@babel/highlight@^7.10.4":
  version "7.16.10"
  resolved "https://registry.npmjs.org/@babel/highlight/-/highlight-7.16.10.tgz"
  dependencies:
    "@babel/helper-validator-identifier" "^7.16.7"
    chalk "^2.0.0"
    js-tokens "^4.0.0"

"@eslint/eslintrc@^0.4.3":
  version "0.4.3"
  resolved "https://registry.npmjs.org/@eslint/eslintrc/-/eslintrc-0.4.3.tgz"
  dependencies:
    ajv "^6.12.4"
    debug "^4.1.1"
    espree "^7.3.0"
    globals "^13.9.0"
    ignore "^4.0.6"
    import-fresh "^3.2.1"
    js-yaml "^3.13.1"
    minimatch "^3.0.4"
    strip-json-comments "^3.1.1"

"@humanwhocodes/config-array@^0.5.0":
  version "0.5.0"
  resolved "https://registry.npmjs.org/@humanwhocodes/config-array/-/config-array-0.5.0.tgz"
  dependencies:
    "@humanwhocodes/object-schema" "^1.2.0"
    debug "^4.1.1"
    minimatch "^3.0.4"

"@humanwhocodes/object-schema@^1.2.0":
  version "1.2.1"
  resolved "https://registry.npmjs.org/@humanwhocodes/object-schema/-/object-schema-1.2.1.tgz"

"@iarna/toml@^2.2.5":
  version "2.2.5"
  resolved "https://registry.npmjs.org/@iarna/toml/-/toml-2.2.5.tgz"

"@modular-css/processor@^28.0.0":
  version "28.0.0"
  resolved "https://registry.npmjs.org/@modular-css/processor/-/processor-28.0.0.tgz"
  dependencies:
    dependency-graph "^0.11.0"
    escape-string-regexp "^4.0.0"
    postcss-selector-parser "^6.0.2"
    postcss-url "^10.0.0"
    postcss-value-parser "^4.0.0"
    resolve-from "^5.0.0"
    unique-slug "^2.0.0"

"@modular-css/svelte@^28.1.0":
  version "28.1.0"
  resolved "https://registry.npmjs.org/@modular-css/svelte/-/svelte-28.1.0.tgz"
  dependencies:
    "@modular-css/processor" "^28.0.0"
    "@rollup/pluginutils" "^4.1.2"
    es-module-lexer "^0.10.0"
    escape-string-regexp "^4.0.0"
    is-url "^1.2.4"
    parse-es6-imports "^1.0.1"
    slash "^3.0.0"

"@nodelib/fs.scandir@2.1.5":
  version "2.1.5"
  resolved "https://registry.npmjs.org/@nodelib/fs.scandir/-/fs.scandir-2.1.5.tgz"
  dependencies:
    "@nodelib/fs.stat" "2.0.5"
    run-parallel "^1.1.9"

"@nodelib/fs.stat@2.0.5", "@nodelib/fs.stat@^2.0.2":
  version "2.0.5"
  resolved "https://registry.npmjs.org/@nodelib/fs.stat/-/fs.stat-2.0.5.tgz"

"@nodelib/fs.walk@^1.2.3":
  version "1.2.8"
  resolved "https://registry.npmjs.org/@nodelib/fs.walk/-/fs.walk-1.2.8.tgz"
  dependencies:
    "@nodelib/fs.scandir" "2.1.5"
    fastq "^1.6.0"

"@rollup/pluginutils@^4.1.2":
  version "4.1.2"
  resolved "https://registry.npmjs.org/@rollup/pluginutils/-/pluginutils-4.1.2.tgz"
  dependencies:
    estree-walker "^2.0.1"
    picomatch "^2.2.2"

"@sveltejs/adapter-auto@next":
  version "1.0.0-next.37"
  resolved "https://registry.npmjs.org/@sveltejs/adapter-auto/-/adapter-auto-1.0.0-next.37.tgz"
  dependencies:
    "@sveltejs/adapter-cloudflare" "1.0.0-next.18"
    "@sveltejs/adapter-netlify" "1.0.0-next.54"
    "@sveltejs/adapter-vercel" "1.0.0-next.49"

"@sveltejs/adapter-cloudflare@1.0.0-next.18":
  version "1.0.0-next.18"
  resolved "https://registry.npmjs.org/@sveltejs/adapter-cloudflare/-/adapter-cloudflare-1.0.0-next.18.tgz"
  dependencies:
    esbuild "^0.14.21"
    worktop "0.8.0-next.12"

"@sveltejs/adapter-netlify@1.0.0-next.54":
  version "1.0.0-next.54"
  resolved "https://registry.npmjs.org/@sveltejs/adapter-netlify/-/adapter-netlify-1.0.0-next.54.tgz"
  dependencies:
    "@iarna/toml" "^2.2.5"
    esbuild "^0.14.21"
    tiny-glob "^0.2.9"

"@sveltejs/adapter-static@next":
  version "1.0.0-next.29"
  resolved "https://registry.npmjs.org/@sveltejs/adapter-static/-/adapter-static-1.0.0-next.29.tgz"
  dependencies:
    tiny-glob "^0.2.9"

"@sveltejs/adapter-vercel@1.0.0-next.49":
  version "1.0.0-next.49"
  resolved "https://registry.npmjs.org/@sveltejs/adapter-vercel/-/adapter-vercel-1.0.0-next.49.tgz"
  dependencies:
    esbuild "^0.14.21"

"@sveltejs/kit@next":
  version "1.0.0-next.320"
  resolved "https://registry.npmjs.org/@sveltejs/kit/-/kit-1.0.0-next.320.tgz"
  dependencies:
    "@sveltejs/vite-plugin-svelte" "^1.0.0-next.32"
    chokidar "^3.5.3"
    sade "^1.7.4"
    vite "^2.9.0"

"@sveltejs/vite-plugin-svelte@^1.0.0-next.32":
  version "1.0.0-next.37"
  resolved "https://registry.npmjs.org/@sveltejs/vite-plugin-svelte/-/vite-plugin-svelte-1.0.0-next.37.tgz"
  dependencies:
    "@rollup/pluginutils" "^4.1.2"
    debug "^4.3.3"
    kleur "^4.1.4"
    magic-string "^0.25.7"
    svelte-hmr "^0.14.9"

"@types/json-schema@^7.0.9":
  version "7.0.9"
  resolved "https://registry.npmjs.org/@types/json-schema/-/json-schema-7.0.9.tgz"

"@types/node@*":
  version "17.0.18"
  resolved "https://registry.npmjs.org/@types/node/-/node-17.0.18.tgz"

"@types/pug@^2.0.4":
  version "2.0.6"
  resolved "https://registry.npmjs.org/@types/pug/-/pug-2.0.6.tgz"

"@types/sass@^1.16.0":
  version "1.43.1"
  resolved "https://registry.npmjs.org/@types/sass/-/sass-1.43.1.tgz"
  dependencies:
    "@types/node" "*"

"@types/unist@^2.0.0", "@types/unist@^2.0.2", "@types/unist@^2.0.3":
  version "2.0.6"
  resolved "https://registry.npmjs.org/@types/unist/-/unist-2.0.6.tgz"

"@typescript-eslint/eslint-plugin@^5.10.1":
  version "5.12.0"
  resolved "https://registry.npmjs.org/@typescript-eslint/eslint-plugin/-/eslint-plugin-5.12.0.tgz"
  dependencies:
    "@typescript-eslint/scope-manager" "5.12.0"
    "@typescript-eslint/type-utils" "5.12.0"
    "@typescript-eslint/utils" "5.12.0"
    debug "^4.3.2"
    functional-red-black-tree "^1.0.1"
    ignore "^5.1.8"
    regexpp "^3.2.0"
    semver "^7.3.5"
    tsutils "^3.21.0"

"@typescript-eslint/parser@^5.10.1":
  version "5.12.0"
  resolved "https://registry.npmjs.org/@typescript-eslint/parser/-/parser-5.12.0.tgz"
  dependencies:
    "@typescript-eslint/scope-manager" "5.12.0"
    "@typescript-eslint/types" "5.12.0"
    "@typescript-eslint/typescript-estree" "5.12.0"
    debug "^4.3.2"

"@typescript-eslint/scope-manager@5.12.0":
  version "5.12.0"
  resolved "https://registry.npmjs.org/@typescript-eslint/scope-manager/-/scope-manager-5.12.0.tgz"
  dependencies:
    "@typescript-eslint/types" "5.12.0"
    "@typescript-eslint/visitor-keys" "5.12.0"

"@typescript-eslint/type-utils@5.12.0":
  version "5.12.0"
  resolved "https://registry.npmjs.org/@typescript-eslint/type-utils/-/type-utils-5.12.0.tgz"
  dependencies:
    "@typescript-eslint/utils" "5.12.0"
    debug "^4.3.2"
    tsutils "^3.21.0"

"@typescript-eslint/types@5.12.0":
  version "5.12.0"
  resolved "https://registry.npmjs.org/@typescript-eslint/types/-/types-5.12.0.tgz"

"@typescript-eslint/typescript-estree@5.12.0":
  version "5.12.0"
  resolved "https://registry.npmjs.org/@typescript-eslint/typescript-estree/-/typescript-estree-5.12.0.tgz"
  dependencies:
    "@typescript-eslint/types" "5.12.0"
    "@typescript-eslint/visitor-keys" "5.12.0"
    debug "^4.3.2"
    globby "^11.0.4"
    is-glob "^4.0.3"
    semver "^7.3.5"
    tsutils "^3.21.0"

"@typescript-eslint/utils@5.12.0":
  version "5.12.0"
  resolved "https://registry.npmjs.org/@typescript-eslint/utils/-/utils-5.12.0.tgz"
  dependencies:
    "@types/json-schema" "^7.0.9"
    "@typescript-eslint/scope-manager" "5.12.0"
    "@typescript-eslint/types" "5.12.0"
    "@typescript-eslint/typescript-estree" "5.12.0"
    eslint-scope "^5.1.1"
    eslint-utils "^3.0.0"

"@typescript-eslint/visitor-keys@5.12.0":
  version "5.12.0"
  resolved "https://registry.npmjs.org/@typescript-eslint/visitor-keys/-/visitor-keys-5.12.0.tgz"
  dependencies:
    "@typescript-eslint/types" "5.12.0"
    eslint-visitor-keys "^3.0.0"

acorn-jsx@^5.3.1:
  version "5.3.2"
  resolved "https://registry.npmjs.org/acorn-jsx/-/acorn-jsx-5.3.2.tgz"

acorn@^7.4.0:
  version "7.4.1"
  resolved "https://registry.npmjs.org/acorn/-/acorn-7.4.1.tgz"

ajv@^6.10.0, ajv@^6.12.4:
  version "6.12.6"
  resolved "https://registry.npmjs.org/ajv/-/ajv-6.12.6.tgz"
  dependencies:
    fast-deep-equal "^3.1.1"
    fast-json-stable-stringify "^2.0.0"
    json-schema-traverse "^0.4.1"
    uri-js "^4.2.2"

ajv@^8.0.1:
  version "8.10.0"
  resolved "https://registry.npmjs.org/ajv/-/ajv-8.10.0.tgz"
  dependencies:
    fast-deep-equal "^3.1.1"
    json-schema-traverse "^1.0.0"
    require-from-string "^2.0.2"
    uri-js "^4.2.2"

ansi-colors@^4.1.1:
  version "4.1.1"
  resolved "https://registry.npmjs.org/ansi-colors/-/ansi-colors-4.1.1.tgz"

ansi-regex@^5.0.1:
  version "5.0.1"
  resolved "https://registry.npmjs.org/ansi-regex/-/ansi-regex-5.0.1.tgz"

ansi-styles@^3.2.1:
  version "3.2.1"
  resolved "https://registry.npmjs.org/ansi-styles/-/ansi-styles-3.2.1.tgz"
  dependencies:
    color-convert "^1.9.0"

ansi-styles@^4.0.0, ansi-styles@^4.1.0:
  version "4.3.0"
  resolved "https://registry.npmjs.org/ansi-styles/-/ansi-styles-4.3.0.tgz"
  dependencies:
    color-convert "^2.0.1"

anymatch@~3.1.2:
  version "3.1.2"
  resolved "https://registry.npmjs.org/anymatch/-/anymatch-3.1.2.tgz"
  dependencies:
    normalize-path "^3.0.0"
    picomatch "^2.0.4"

argparse@^1.0.7:
  version "1.0.10"
  resolved "https://registry.npmjs.org/argparse/-/argparse-1.0.10.tgz"
  dependencies:
    sprintf-js "~1.0.2"

array-union@^2.1.0:
  version "2.1.0"
  resolved "https://registry.npmjs.org/array-union/-/array-union-2.1.0.tgz"

astral-regex@^2.0.0:
  version "2.0.0"
  resolved "https://registry.npmjs.org/astral-regex/-/astral-regex-2.0.0.tgz"

balanced-match@^1.0.0:
  version "1.0.2"
  resolved "https://registry.npmjs.org/balanced-match/-/balanced-match-1.0.2.tgz"

binary-extensions@^2.0.0:
  version "2.2.0"
  resolved "https://registry.npmjs.org/binary-extensions/-/binary-extensions-2.2.0.tgz"

brace-expansion@^1.1.7:
  version "1.1.11"
  resolved "https://registry.npmjs.org/brace-expansion/-/brace-expansion-1.1.11.tgz"
  dependencies:
    balanced-match "^1.0.0"
    concat-map "0.0.1"

braces@^3.0.1, braces@~3.0.2:
  version "3.0.2"
  resolved "https://registry.npmjs.org/braces/-/braces-3.0.2.tgz"
  dependencies:
    fill-range "^7.0.1"

buffer-crc32@^0.2.5:
  version "0.2.13"
  resolved "https://registry.npmjs.org/buffer-crc32/-/buffer-crc32-0.2.13.tgz"

callsites@^3.0.0:
  version "3.1.0"
  resolved "https://registry.npmjs.org/callsites/-/callsites-3.1.0.tgz"

chalk@^2.0.0:
  version "2.4.2"
  resolved "https://registry.npmjs.org/chalk/-/chalk-2.4.2.tgz"
  dependencies:
    ansi-styles "^3.2.1"
    escape-string-regexp "^1.0.5"
    supports-color "^5.3.0"

chalk@^4.0.0:
  version "4.1.2"
  resolved "https://registry.npmjs.org/chalk/-/chalk-4.1.2.tgz"
  dependencies:
    ansi-styles "^4.1.0"
    supports-color "^7.1.0"

chokidar@^3.4.1, chokidar@^3.5.3:
  version "3.5.3"
  resolved "https://registry.npmjs.org/chokidar/-/chokidar-3.5.3.tgz"
  dependencies:
    anymatch "~3.1.2"
    braces "~3.0.2"
    glob-parent "~5.1.2"
    is-binary-path "~2.1.0"
    is-glob "~4.0.1"
    normalize-path "~3.0.0"
    readdirp "~3.6.0"
  optionalDependencies:
    fsevents "~2.3.2"

color-convert@^1.9.0:
  version "1.9.3"
  resolved "https://registry.npmjs.org/color-convert/-/color-convert-1.9.3.tgz"
  dependencies:
    color-name "1.1.3"

color-convert@^2.0.1:
  version "2.0.1"
  resolved "https://registry.npmjs.org/color-convert/-/color-convert-2.0.1.tgz"
  dependencies:
    color-name "~1.1.4"

color-name@1.1.3:
  version "1.1.3"
  resolved "https://registry.npmjs.org/color-name/-/color-name-1.1.3.tgz"

color-name@~1.1.4:
  version "1.1.4"
  resolved "https://registry.npmjs.org/color-name/-/color-name-1.1.4.tgz"

concat-map@0.0.1:
  version "0.0.1"
  resolved "https://registry.npmjs.org/concat-map/-/concat-map-0.0.1.tgz"

cross-spawn@^7.0.2:
  version "7.0.3"
  resolved "https://registry.npmjs.org/cross-spawn/-/cross-spawn-7.0.3.tgz"
  dependencies:
    path-key "^3.1.0"
    shebang-command "^2.0.0"
    which "^2.0.1"

cssesc@^3.0.0:
  version "3.0.0"
  resolved "https://registry.npmjs.org/cssesc/-/cssesc-3.0.0.tgz"

cuint@^0.2.2:
  version "0.2.2"
  resolved "https://registry.npmjs.org/cuint/-/cuint-0.2.2.tgz"

debug@^4.0.1, debug@^4.1.1, debug@^4.3.2, debug@^4.3.3:
  version "4.3.3"
  resolved "https://registry.npmjs.org/debug/-/debug-4.3.3.tgz"
  dependencies:
    ms "2.1.2"

deep-is@^0.1.3:
  version "0.1.4"
  resolved "https://registry.npmjs.org/deep-is/-/deep-is-0.1.4.tgz"

dependency-graph@^0.11.0:
  version "0.11.0"
  resolved "https://registry.npmjs.org/dependency-graph/-/dependency-graph-0.11.0.tgz"

detect-indent@^6.0.0:
  version "6.1.0"
  resolved "https://registry.npmjs.org/detect-indent/-/detect-indent-6.1.0.tgz"

dir-glob@^3.0.1:
  version "3.0.1"
  resolved "https://registry.npmjs.org/dir-glob/-/dir-glob-3.0.1.tgz"
  dependencies:
    path-type "^4.0.0"

doctrine@^3.0.0:
  version "3.0.0"
  resolved "https://registry.npmjs.org/doctrine/-/doctrine-3.0.0.tgz"
  dependencies:
    esutils "^2.0.2"

emoji-regex@^8.0.0:
  version "8.0.0"
  resolved "https://registry.npmjs.org/emoji-regex/-/emoji-regex-8.0.0.tgz"

enquirer@^2.3.5:
  version "2.3.6"
  resolved "https://registry.npmjs.org/enquirer/-/enquirer-2.3.6.tgz"
  dependencies:
    ansi-colors "^4.1.1"

es-module-lexer@^0.10.0:
  version "0.10.5"
  resolved "https://registry.npmjs.org/es-module-lexer/-/es-module-lexer-0.10.5.tgz"

es6-promise@^3.1.2:
  version "3.3.1"
  resolved "https://registry.npmjs.org/es6-promise/-/es6-promise-3.3.1.tgz"

esbuild-android-64@0.14.38:
  version "0.14.38"
  resolved "https://registry.yarnpkg.com/esbuild-android-64/-/esbuild-android-64-0.14.38.tgz#5b94a1306df31d55055f64a62ff6b763a47b7f64"

esbuild-android-arm64@0.14.38:
  version "0.14.38"
  resolved "https://registry.yarnpkg.com/esbuild-android-arm64/-/esbuild-android-arm64-0.14.38.tgz#78acc80773d16007de5219ccce544c036abd50b8"

esbuild-darwin-64@0.14.38:
  version "0.14.38"
  resolved "https://registry.yarnpkg.com/esbuild-darwin-64/-/esbuild-darwin-64-0.14.38.tgz#e02b1291f629ebdc2aa46fabfacc9aa28ff6aa46"

esbuild-darwin-arm64@0.14.38:
  version "0.14.38"
  resolved "https://registry.yarnpkg.com/esbuild-darwin-arm64/-/esbuild-darwin-arm64-0.14.38.tgz#01eb6650ec010b18c990e443a6abcca1d71290a9"

esbuild-freebsd-64@0.14.38:
  version "0.14.38"
  resolved "https://registry.yarnpkg.com/esbuild-freebsd-64/-/esbuild-freebsd-64-0.14.38.tgz#790b8786729d4aac7be17648f9ea8e0e16475b5e"

esbuild-freebsd-arm64@0.14.38:
  version "0.14.38"
  resolved "https://registry.yarnpkg.com/esbuild-freebsd-arm64/-/esbuild-freebsd-arm64-0.14.38.tgz#b66340ab28c09c1098e6d9d8ff656db47d7211e6"

esbuild-linux-32@0.14.38:
  version "0.14.38"
  resolved "https://registry.yarnpkg.com/esbuild-linux-32/-/esbuild-linux-32-0.14.38.tgz#7927f950986fd39f0ff319e92839455912b67f70"

esbuild-linux-64@0.14.38:
  version "0.14.38"
  resolved "https://registry.npmjs.org/esbuild-linux-64/-/esbuild-linux-64-0.14.38.tgz"

esbuild-linux-arm64@0.14.38:
  version "0.14.38"
  resolved "https://registry.yarnpkg.com/esbuild-linux-arm64/-/esbuild-linux-arm64-0.14.38.tgz#8442402e37d0b8ae946ac616784d9c1a2041056a"

esbuild-linux-arm@0.14.38:
  version "0.14.38"
  resolved "https://registry.yarnpkg.com/esbuild-linux-arm/-/esbuild-linux-arm-0.14.38.tgz#d5dbf32d38b7f79be0ec6b5fb2f9251fd9066986"

esbuild-linux-mips64le@0.14.38:
  version "0.14.38"
  resolved "https://registry.yarnpkg.com/esbuild-linux-mips64le/-/esbuild-linux-mips64le-0.14.38.tgz#95081e42f698bbe35d8ccee0e3a237594b337eb5"

esbuild-linux-ppc64le@0.14.38:
  version "0.14.38"
  resolved "https://registry.yarnpkg.com/esbuild-linux-ppc64le/-/esbuild-linux-ppc64le-0.14.38.tgz#dceb0a1b186f5df679618882a7990bd422089b47"

esbuild-linux-riscv64@0.14.38:
  version "0.14.38"
  resolved "https://registry.yarnpkg.com/esbuild-linux-riscv64/-/esbuild-linux-riscv64-0.14.38.tgz#61fb8edb75f475f9208c4a93ab2bfab63821afd2"

esbuild-linux-s390x@0.14.38:
  version "0.14.38"
  resolved "https://registry.yarnpkg.com/esbuild-linux-s390x/-/esbuild-linux-s390x-0.14.38.tgz#34c7126a4937406bf6a5e69100185fd702d12fe0"

esbuild-netbsd-64@0.14.38:
  version "0.14.38"
  resolved "https://registry.yarnpkg.com/esbuild-netbsd-64/-/esbuild-netbsd-64-0.14.38.tgz#322ea9937d9e529183ee281c7996b93eb38a5d95"

esbuild-openbsd-64@0.14.38:
  version "0.14.38"
  resolved "https://registry.yarnpkg.com/esbuild-openbsd-64/-/esbuild-openbsd-64-0.14.38.tgz#1ca29bb7a2bf09592dcc26afdb45108f08a2cdbd"

esbuild-sunos-64@0.14.38:
  version "0.14.38"
  resolved "https://registry.yarnpkg.com/esbuild-sunos-64/-/esbuild-sunos-64-0.14.38.tgz#c9446f7d8ebf45093e7bb0e7045506a88540019b"

esbuild-windows-32@0.14.38:
  version "0.14.38"
  resolved "https://registry.yarnpkg.com/esbuild-windows-32/-/esbuild-windows-32-0.14.38.tgz#f8e9b4602fd0ccbd48e5c8d117ec0ba4040f2ad1"

esbuild-windows-64@0.14.38:
  version "0.14.38"
  resolved "https://registry.yarnpkg.com/esbuild-windows-64/-/esbuild-windows-64-0.14.38.tgz#280f58e69f78535f470905ce3e43db1746518107"

esbuild-windows-arm64@0.14.38:
  version "0.14.38"
  resolved "https://registry.yarnpkg.com/esbuild-windows-arm64/-/esbuild-windows-arm64-0.14.38.tgz#d97e9ac0f95a4c236d9173fa9f86c983d6a53f54"

esbuild@^0.14.21, esbuild@^0.14.27:
  version "0.14.38"
  resolved "https://registry.npmjs.org/esbuild/-/esbuild-0.14.38.tgz"
  optionalDependencies:
    esbuild-android-64 "0.14.38"
    esbuild-android-arm64 "0.14.38"
    esbuild-darwin-64 "0.14.38"
    esbuild-darwin-arm64 "0.14.38"
    esbuild-freebsd-64 "0.14.38"
    esbuild-freebsd-arm64 "0.14.38"
    esbuild-linux-32 "0.14.38"
    esbuild-linux-64 "0.14.38"
    esbuild-linux-arm "0.14.38"
    esbuild-linux-arm64 "0.14.38"
    esbuild-linux-mips64le "0.14.38"
    esbuild-linux-ppc64le "0.14.38"
    esbuild-linux-riscv64 "0.14.38"
    esbuild-linux-s390x "0.14.38"
    esbuild-netbsd-64 "0.14.38"
    esbuild-openbsd-64 "0.14.38"
    esbuild-sunos-64 "0.14.38"
    esbuild-windows-32 "0.14.38"
    esbuild-windows-64 "0.14.38"
    esbuild-windows-arm64 "0.14.38"

escape-string-regexp@^1.0.5:
  version "1.0.5"
  resolved "https://registry.npmjs.org/escape-string-regexp/-/escape-string-regexp-1.0.5.tgz"

escape-string-regexp@^4.0.0:
  version "4.0.0"
  resolved "https://registry.npmjs.org/escape-string-regexp/-/escape-string-regexp-4.0.0.tgz"

eslint-plugin-svelte3@^3.2.1:
  version "3.4.0"
  resolved "https://registry.npmjs.org/eslint-plugin-svelte3/-/eslint-plugin-svelte3-3.4.0.tgz"

eslint-scope@^5.1.1:
  version "5.1.1"
  resolved "https://registry.npmjs.org/eslint-scope/-/eslint-scope-5.1.1.tgz"
  dependencies:
    esrecurse "^4.3.0"
    estraverse "^4.1.1"

eslint-utils@^2.1.0:
  version "2.1.0"
  resolved "https://registry.npmjs.org/eslint-utils/-/eslint-utils-2.1.0.tgz"
  dependencies:
    eslint-visitor-keys "^1.1.0"

eslint-utils@^3.0.0:
  version "3.0.0"
  resolved "https://registry.npmjs.org/eslint-utils/-/eslint-utils-3.0.0.tgz"
  dependencies:
    eslint-visitor-keys "^2.0.0"

eslint-visitor-keys@^1.1.0, eslint-visitor-keys@^1.3.0:
  version "1.3.0"
  resolved "https://registry.npmjs.org/eslint-visitor-keys/-/eslint-visitor-keys-1.3.0.tgz"

eslint-visitor-keys@^2.0.0:
  version "2.1.0"
  resolved "https://registry.npmjs.org/eslint-visitor-keys/-/eslint-visitor-keys-2.1.0.tgz"

eslint-visitor-keys@^3.0.0:
  version "3.3.0"
  resolved "https://registry.npmjs.org/eslint-visitor-keys/-/eslint-visitor-keys-3.3.0.tgz"

eslint@^7.32.0:
  version "7.32.0"
  resolved "https://registry.npmjs.org/eslint/-/eslint-7.32.0.tgz"
  dependencies:
    "@babel/code-frame" "7.12.11"
    "@eslint/eslintrc" "^0.4.3"
    "@humanwhocodes/config-array" "^0.5.0"
    ajv "^6.10.0"
    chalk "^4.0.0"
    cross-spawn "^7.0.2"
    debug "^4.0.1"
    doctrine "^3.0.0"
    enquirer "^2.3.5"
    escape-string-regexp "^4.0.0"
    eslint-scope "^5.1.1"
    eslint-utils "^2.1.0"
    eslint-visitor-keys "^2.0.0"
    espree "^7.3.1"
    esquery "^1.4.0"
    esutils "^2.0.2"
    fast-deep-equal "^3.1.3"
    file-entry-cache "^6.0.1"
    functional-red-black-tree "^1.0.1"
    glob-parent "^5.1.2"
    globals "^13.6.0"
    ignore "^4.0.6"
    import-fresh "^3.0.0"
    imurmurhash "^0.1.4"
    is-glob "^4.0.0"
    js-yaml "^3.13.1"
    json-stable-stringify-without-jsonify "^1.0.1"
    levn "^0.4.1"
    lodash.merge "^4.6.2"
    minimatch "^3.0.4"
    natural-compare "^1.4.0"
    optionator "^0.9.1"
    progress "^2.0.0"
    regexpp "^3.1.0"
    semver "^7.2.1"
    strip-ansi "^6.0.0"
    strip-json-comments "^3.1.0"
    table "^6.0.9"
    text-table "^0.2.0"
    v8-compile-cache "^2.0.3"

espree@^7.3.0, espree@^7.3.1:
  version "7.3.1"
  resolved "https://registry.npmjs.org/espree/-/espree-7.3.1.tgz"
  dependencies:
    acorn "^7.4.0"
    acorn-jsx "^5.3.1"
    eslint-visitor-keys "^1.3.0"

esprima@^4.0.0:
  version "4.0.1"
  resolved "https://registry.npmjs.org/esprima/-/esprima-4.0.1.tgz"

esquery@^1.4.0:
  version "1.4.0"
  resolved "https://registry.npmjs.org/esquery/-/esquery-1.4.0.tgz"
  dependencies:
    estraverse "^5.1.0"

esrecurse@^4.3.0:
  version "4.3.0"
  resolved "https://registry.npmjs.org/esrecurse/-/esrecurse-4.3.0.tgz"
  dependencies:
    estraverse "^5.2.0"

estraverse@^4.1.1:
  version "4.3.0"
  resolved "https://registry.npmjs.org/estraverse/-/estraverse-4.3.0.tgz"

estraverse@^5.1.0, estraverse@^5.2.0:
  version "5.3.0"
  resolved "https://registry.npmjs.org/estraverse/-/estraverse-5.3.0.tgz"

estree-walker@^2.0.1:
  version "2.0.2"
  resolved "https://registry.npmjs.org/estree-walker/-/estree-walker-2.0.2.tgz"

esutils@^2.0.2:
  version "2.0.3"
  resolved "https://registry.npmjs.org/esutils/-/esutils-2.0.3.tgz"

fast-deep-equal@^3.1.1, fast-deep-equal@^3.1.3:
  version "3.1.3"
  resolved "https://registry.npmjs.org/fast-deep-equal/-/fast-deep-equal-3.1.3.tgz"

fast-glob@^3.2.7, fast-glob@^3.2.9:
  version "3.2.11"
  resolved "https://registry.npmjs.org/fast-glob/-/fast-glob-3.2.11.tgz"
  dependencies:
    "@nodelib/fs.stat" "^2.0.2"
    "@nodelib/fs.walk" "^1.2.3"
    glob-parent "^5.1.2"
    merge2 "^1.3.0"
    micromatch "^4.0.4"

fast-json-stable-stringify@^2.0.0:
  version "2.1.0"
  resolved "https://registry.npmjs.org/fast-json-stable-stringify/-/fast-json-stable-stringify-2.1.0.tgz"

fast-levenshtein@^2.0.6:
  version "2.0.6"
  resolved "https://registry.npmjs.org/fast-levenshtein/-/fast-levenshtein-2.0.6.tgz"

fastq@^1.6.0:
  version "1.13.0"
  resolved "https://registry.npmjs.org/fastq/-/fastq-1.13.0.tgz"
  dependencies:
    reusify "^1.0.4"

file-entry-cache@^6.0.1:
  version "6.0.1"
  resolved "https://registry.npmjs.org/file-entry-cache/-/file-entry-cache-6.0.1.tgz"
  dependencies:
    flat-cache "^3.0.4"

fill-range@^7.0.1:
  version "7.0.1"
  resolved "https://registry.npmjs.org/fill-range/-/fill-range-7.0.1.tgz"
  dependencies:
    to-regex-range "^5.0.1"

flat-cache@^3.0.4:
  version "3.0.4"
  resolved "https://registry.npmjs.org/flat-cache/-/flat-cache-3.0.4.tgz"
  dependencies:
    flatted "^3.1.0"
    rimraf "^3.0.2"

flatted@^3.1.0:
  version "3.2.5"
  resolved "https://registry.npmjs.org/flatted/-/flatted-3.2.5.tgz"

fs.realpath@^1.0.0:
  version "1.0.0"
  resolved "https://registry.npmjs.org/fs.realpath/-/fs.realpath-1.0.0.tgz"

fsevents@~2.3.2:
  version "2.3.2"
  resolved "https://registry.yarnpkg.com/fsevents/-/fsevents-2.3.2.tgz#8a526f78b8fdf4623b709e0b975c52c24c02fd1a"

function-bind@^1.1.1:
  version "1.1.1"
  resolved "https://registry.npmjs.org/function-bind/-/function-bind-1.1.1.tgz"

functional-red-black-tree@^1.0.1:
  version "1.0.1"
  resolved "https://registry.npmjs.org/functional-red-black-tree/-/functional-red-black-tree-1.0.1.tgz"

glob-parent@^5.1.2, glob-parent@~5.1.2:
  version "5.1.2"
  resolved "https://registry.npmjs.org/glob-parent/-/glob-parent-5.1.2.tgz"
  dependencies:
    is-glob "^4.0.1"

glob@^7.1.3:
  version "7.2.0"
  resolved "https://registry.npmjs.org/glob/-/glob-7.2.0.tgz"
  dependencies:
    fs.realpath "^1.0.0"
    inflight "^1.0.4"
    inherits "2"
    minimatch "^3.0.4"
    once "^1.3.0"
    path-is-absolute "^1.0.0"

globals@^13.6.0, globals@^13.9.0:
  version "13.12.1"
  resolved "https://registry.npmjs.org/globals/-/globals-13.12.1.tgz"
  dependencies:
    type-fest "^0.20.2"

globalyzer@0.1.0:
  version "0.1.0"
  resolved "https://registry.npmjs.org/globalyzer/-/globalyzer-0.1.0.tgz"

globby@^11.0.4:
  version "11.1.0"
  resolved "https://registry.npmjs.org/globby/-/globby-11.1.0.tgz"
  dependencies:
    array-union "^2.1.0"
    dir-glob "^3.0.1"
    fast-glob "^3.2.9"
    ignore "^5.2.0"
    merge2 "^1.4.1"
    slash "^3.0.0"

globrex@^0.1.2:
  version "0.1.2"
  resolved "https://registry.npmjs.org/globrex/-/globrex-0.1.2.tgz"

graceful-fs@^4.1.3:
  version "4.2.9"
  resolved "https://registry.npmjs.org/graceful-fs/-/graceful-fs-4.2.9.tgz"

has-flag@^3.0.0:
  version "3.0.0"
  resolved "https://registry.npmjs.org/has-flag/-/has-flag-3.0.0.tgz"

has-flag@^4.0.0:
  version "4.0.0"
  resolved "https://registry.npmjs.org/has-flag/-/has-flag-4.0.0.tgz"

has@^1.0.3:
  version "1.0.3"
  resolved "https://registry.npmjs.org/has/-/has-1.0.3.tgz"
  dependencies:
    function-bind "^1.1.1"

ignore@^4.0.6:
  version "4.0.6"
  resolved "https://registry.npmjs.org/ignore/-/ignore-4.0.6.tgz"

ignore@^5.1.8, ignore@^5.2.0:
  version "5.2.0"
  resolved "https://registry.npmjs.org/ignore/-/ignore-5.2.0.tgz"

import-fresh@^3.0.0, import-fresh@^3.2.1:
  version "3.3.0"
  resolved "https://registry.npmjs.org/import-fresh/-/import-fresh-3.3.0.tgz"
  dependencies:
    parent-module "^1.0.0"
    resolve-from "^4.0.0"

imurmurhash@^0.1.4:
  version "0.1.4"
  resolved "https://registry.npmjs.org/imurmurhash/-/imurmurhash-0.1.4.tgz"

inflight@^1.0.4:
  version "1.0.6"
  resolved "https://registry.npmjs.org/inflight/-/inflight-1.0.6.tgz"
  dependencies:
    once "^1.3.0"
    wrappy "1"

inherits@2:
  version "2.0.4"
  resolved "https://registry.npmjs.org/inherits/-/inherits-2.0.4.tgz"

is-binary-path@~2.1.0:
  version "2.1.0"
  resolved "https://registry.npmjs.org/is-binary-path/-/is-binary-path-2.1.0.tgz"
  dependencies:
    binary-extensions "^2.0.0"

is-core-module@^2.8.1:
  version "2.8.1"
  resolved "https://registry.npmjs.org/is-core-module/-/is-core-module-2.8.1.tgz"
  dependencies:
    has "^1.0.3"

is-extglob@^2.1.1:
  version "2.1.1"
  resolved "https://registry.npmjs.org/is-extglob/-/is-extglob-2.1.1.tgz"

is-fullwidth-code-point@^3.0.0:
  version "3.0.0"
  resolved "https://registry.npmjs.org/is-fullwidth-code-point/-/is-fullwidth-code-point-3.0.0.tgz"

is-glob@^4.0.0, is-glob@^4.0.1, is-glob@^4.0.3, is-glob@~4.0.1:
  version "4.0.3"
  resolved "https://registry.npmjs.org/is-glob/-/is-glob-4.0.3.tgz"
  dependencies:
    is-extglob "^2.1.1"

is-number@^7.0.0:
  version "7.0.0"
  resolved "https://registry.npmjs.org/is-number/-/is-number-7.0.0.tgz"

is-url@^1.2.4:
  version "1.2.4"
  resolved "https://registry.npmjs.org/is-url/-/is-url-1.2.4.tgz"

isexe@^2.0.0:
  version "2.0.0"
  resolved "https://registry.npmjs.org/isexe/-/isexe-2.0.0.tgz"

js-tokens@^4.0.0:
  version "4.0.0"
  resolved "https://registry.npmjs.org/js-tokens/-/js-tokens-4.0.0.tgz"

js-yaml@^3.13.1:
  version "3.14.1"
  resolved "https://registry.npmjs.org/js-yaml/-/js-yaml-3.14.1.tgz"
  dependencies:
    argparse "^1.0.7"
    esprima "^4.0.0"

json-schema-traverse@^0.4.1:
  version "0.4.1"
  resolved "https://registry.npmjs.org/json-schema-traverse/-/json-schema-traverse-0.4.1.tgz"

json-schema-traverse@^1.0.0:
  version "1.0.0"
  resolved "https://registry.npmjs.org/json-schema-traverse/-/json-schema-traverse-1.0.0.tgz"

json-stable-stringify-without-jsonify@^1.0.1:
  version "1.0.1"
  resolved "https://registry.npmjs.org/json-stable-stringify-without-jsonify/-/json-stable-stringify-without-jsonify-1.0.1.tgz"

kleur@^4.1.4:
  version "4.1.4"
  resolved "https://registry.npmjs.org/kleur/-/kleur-4.1.4.tgz"

levn@^0.4.1:
  version "0.4.1"
  resolved "https://registry.npmjs.org/levn/-/levn-0.4.1.tgz"
  dependencies:
    prelude-ls "^1.2.1"
    type-check "~0.4.0"

lodash.merge@^4.6.2:
  version "4.6.2"
  resolved "https://registry.npmjs.org/lodash.merge/-/lodash.merge-4.6.2.tgz"

lodash.truncate@^4.4.2:
  version "4.4.2"
  resolved "https://registry.npmjs.org/lodash.truncate/-/lodash.truncate-4.4.2.tgz"

lru-cache@^6.0.0:
  version "6.0.0"
  resolved "https://registry.npmjs.org/lru-cache/-/lru-cache-6.0.0.tgz"
  dependencies:
    yallist "^4.0.0"

magic-string@^0.25.7:
  version "0.25.7"
  resolved "https://registry.npmjs.org/magic-string/-/magic-string-0.25.7.tgz"
  dependencies:
    sourcemap-codec "^1.4.4"

make-dir@~3.1.0:
  version "3.1.0"
  resolved "https://registry.npmjs.org/make-dir/-/make-dir-3.1.0.tgz"
  dependencies:
    semver "^6.0.0"

mdsvex@^0.10.5:
  version "0.10.5"
  resolved "https://registry.npmjs.org/mdsvex/-/mdsvex-0.10.5.tgz"
  dependencies:
    "@types/unist" "^2.0.3"
    prism-svelte "^0.4.7"
    prismjs "^1.17.1"
    vfile-message "^2.0.4"

merge2@^1.3.0, merge2@^1.4.1:
  version "1.4.1"
  resolved "https://registry.npmjs.org/merge2/-/merge2-1.4.1.tgz"

micromatch@^4.0.4:
  version "4.0.4"
  resolved "https://registry.npmjs.org/micromatch/-/micromatch-4.0.4.tgz"
  dependencies:
    braces "^3.0.1"
    picomatch "^2.2.3"

mime@~2.5.2:
  version "2.5.2"
  resolved "https://registry.npmjs.org/mime/-/mime-2.5.2.tgz"

min-indent@^1.0.0:
  version "1.0.1"
  resolved "https://registry.npmjs.org/min-indent/-/min-indent-1.0.1.tgz"

minimatch@^3.0.4:
  version "3.1.1"
  resolved "https://registry.npmjs.org/minimatch/-/minimatch-3.1.1.tgz"
  dependencies:
    brace-expansion "^1.1.7"

minimatch@~3.0.4:
  version "3.0.8"
  resolved "https://registry.npmjs.org/minimatch/-/minimatch-3.0.8.tgz"
  dependencies:
    brace-expansion "^1.1.7"

minimist@^1.2.0, minimist@^1.2.5:
  version "1.2.6"
  resolved "https://registry.yarnpkg.com/minimist/-/minimist-1.2.6.tgz#8637a5b759ea0d6e98702cfb3a9283323c93af44"

mkdirp@^0.5.1:
  version "0.5.5"
  resolved "https://registry.npmjs.org/mkdirp/-/mkdirp-0.5.5.tgz"
  dependencies:
    minimist "^1.2.5"

mri@^1.1.0:
  version "1.2.0"
  resolved "https://registry.npmjs.org/mri/-/mri-1.2.0.tgz"

mrmime@^1.0.0:
  version "1.0.0"
  resolved "https://registry.npmjs.org/mrmime/-/mrmime-1.0.0.tgz"

ms@2.1.2:
  version "2.1.2"
  resolved "https://registry.npmjs.org/ms/-/ms-2.1.2.tgz"

nanoid@^3.3.1:
  version "3.3.3"
  resolved "https://registry.npmjs.org/nanoid/-/nanoid-3.3.3.tgz"

natural-compare@^1.4.0:
  version "1.4.0"
  resolved "https://registry.npmjs.org/natural-compare/-/natural-compare-1.4.0.tgz"

normalize-path@^3.0.0, normalize-path@~3.0.0:
  version "3.0.0"
  resolved "https://registry.npmjs.org/normalize-path/-/normalize-path-3.0.0.tgz"

once@^1.3.0:
  version "1.4.0"
  resolved "https://registry.npmjs.org/once/-/once-1.4.0.tgz"
  dependencies:
    wrappy "1"

optionator@^0.9.1:
  version "0.9.1"
  resolved "https://registry.npmjs.org/optionator/-/optionator-0.9.1.tgz"
  dependencies:
    deep-is "^0.1.3"
    fast-levenshtein "^2.0.6"
    levn "^0.4.1"
    prelude-ls "^1.2.1"
    type-check "^0.4.0"
    word-wrap "^1.2.3"

parent-module@^1.0.0:
  version "1.0.1"
  resolved "https://registry.npmjs.org/parent-module/-/parent-module-1.0.1.tgz"
  dependencies:
    callsites "^3.0.0"

parse-es6-imports@^1.0.1:
  version "1.0.1"
  resolved "https://registry.npmjs.org/parse-es6-imports/-/parse-es6-imports-1.0.1.tgz"

path-is-absolute@^1.0.0:
  version "1.0.1"
  resolved "https://registry.npmjs.org/path-is-absolute/-/path-is-absolute-1.0.1.tgz"

path-key@^3.1.0:
  version "3.1.1"
  resolved "https://registry.npmjs.org/path-key/-/path-key-3.1.1.tgz"

path-parse@^1.0.7:
  version "1.0.7"
  resolved "https://registry.npmjs.org/path-parse/-/path-parse-1.0.7.tgz"

path-type@^4.0.0:
  version "4.0.0"
  resolved "https://registry.npmjs.org/path-type/-/path-type-4.0.0.tgz"

picocolors@^1.0.0:
  version "1.0.0"
  resolved "https://registry.npmjs.org/picocolors/-/picocolors-1.0.0.tgz"

picomatch@^2.0.4, picomatch@^2.2.1, picomatch@^2.2.2, picomatch@^2.2.3:
  version "2.3.1"
  resolved "https://registry.npmjs.org/picomatch/-/picomatch-2.3.1.tgz"

postcss-selector-parser@^6.0.2:
  version "6.0.10"
  resolved "https://registry.npmjs.org/postcss-selector-parser/-/postcss-selector-parser-6.0.10.tgz"
  dependencies:
    cssesc "^3.0.0"
    util-deprecate "^1.0.2"

postcss-url@^10.0.0:
  version "10.1.3"
  resolved "https://registry.npmjs.org/postcss-url/-/postcss-url-10.1.3.tgz"
  dependencies:
    make-dir "~3.1.0"
    mime "~2.5.2"
    minimatch "~3.0.4"
    xxhashjs "~0.2.2"

postcss-value-parser@^4.0.0:
  version "4.2.0"
  resolved "https://registry.npmjs.org/postcss-value-parser/-/postcss-value-parser-4.2.0.tgz"

postcss@^8.4.12:
  version "8.4.12"
  resolved "https://registry.npmjs.org/postcss/-/postcss-8.4.12.tgz"
  dependencies:
    nanoid "^3.3.1"
    picocolors "^1.0.0"
    source-map-js "^1.0.2"

prelude-ls@^1.2.1:
  version "1.2.1"
  resolved "https://registry.npmjs.org/prelude-ls/-/prelude-ls-1.2.1.tgz"

prism-svelte@^0.4.7:
  version "0.4.7"
  resolved "https://registry.npmjs.org/prism-svelte/-/prism-svelte-0.4.7.tgz"

prismjs@^1.17.1:
  version "1.27.0"
  resolved "https://registry.npmjs.org/prismjs/-/prismjs-1.27.0.tgz"

progress@^2.0.0:
  version "2.0.3"
  resolved "https://registry.npmjs.org/progress/-/progress-2.0.3.tgz"

punycode@^2.1.0:
  version "2.1.1"
  resolved "https://registry.npmjs.org/punycode/-/punycode-2.1.1.tgz"

queue-microtask@^1.2.2:
  version "1.2.3"
  resolved "https://registry.npmjs.org/queue-microtask/-/queue-microtask-1.2.3.tgz"

readdirp@~3.6.0:
  version "3.6.0"
  resolved "https://registry.npmjs.org/readdirp/-/readdirp-3.6.0.tgz"
  dependencies:
    picomatch "^2.2.1"

regexparam@^2.0.0:
  version "2.0.0"
  resolved "https://registry.npmjs.org/regexparam/-/regexparam-2.0.0.tgz"

regexpp@^3.1.0, regexpp@^3.2.0:
  version "3.2.0"
  resolved "https://registry.npmjs.org/regexpp/-/regexpp-3.2.0.tgz"

require-from-string@^2.0.2:
  version "2.0.2"
  resolved "https://registry.npmjs.org/require-from-string/-/require-from-string-2.0.2.tgz"

resolve-from@^4.0.0:
  version "4.0.0"
  resolved "https://registry.npmjs.org/resolve-from/-/resolve-from-4.0.0.tgz"

resolve-from@^5.0.0:
  version "5.0.0"
  resolved "https://registry.npmjs.org/resolve-from/-/resolve-from-5.0.0.tgz"

resolve@^1.22.0:
  version "1.22.0"
  resolved "https://registry.npmjs.org/resolve/-/resolve-1.22.0.tgz"
  dependencies:
    is-core-module "^2.8.1"
    path-parse "^1.0.7"
    supports-preserve-symlinks-flag "^1.0.0"

reusify@^1.0.4:
  version "1.0.4"
  resolved "https://registry.npmjs.org/reusify/-/reusify-1.0.4.tgz"

rimraf@^2.5.2:
  version "2.7.1"
  resolved "https://registry.npmjs.org/rimraf/-/rimraf-2.7.1.tgz"
  dependencies:
    glob "^7.1.3"

rimraf@^3.0.2:
  version "3.0.2"
  resolved "https://registry.npmjs.org/rimraf/-/rimraf-3.0.2.tgz"
  dependencies:
    glob "^7.1.3"

rollup@^2.59.0:
  version "2.67.2"
  resolved "https://registry.npmjs.org/rollup/-/rollup-2.67.2.tgz"
  optionalDependencies:
    fsevents "~2.3.2"

run-parallel@^1.1.9:
  version "1.2.0"
  resolved "https://registry.npmjs.org/run-parallel/-/run-parallel-1.2.0.tgz"
  dependencies:
    queue-microtask "^1.2.2"

sade@^1.7.4:
  version "1.8.1"
  resolved "https://registry.npmjs.org/sade/-/sade-1.8.1.tgz"
  dependencies:
    mri "^1.1.0"

sander@^0.5.0:
  version "0.5.1"
  resolved "https://registry.npmjs.org/sander/-/sander-0.5.1.tgz"
  dependencies:
    es6-promise "^3.1.2"
    graceful-fs "^4.1.3"
    mkdirp "^0.5.1"
    rimraf "^2.5.2"

semver@^6.0.0:
  version "6.3.0"
  resolved "https://registry.npmjs.org/semver/-/semver-6.3.0.tgz"

semver@^7.2.1, semver@^7.3.5:
  version "7.3.5"
  resolved "https://registry.npmjs.org/semver/-/semver-7.3.5.tgz"
  dependencies:
    lru-cache "^6.0.0"

shebang-command@^2.0.0:
  version "2.0.0"
  resolved "https://registry.npmjs.org/shebang-command/-/shebang-command-2.0.0.tgz"
  dependencies:
    shebang-regex "^3.0.0"

shebang-regex@^3.0.0:
  version "3.0.0"
  resolved "https://registry.npmjs.org/shebang-regex/-/shebang-regex-3.0.0.tgz"

slash@^3.0.0:
  version "3.0.0"
  resolved "https://registry.npmjs.org/slash/-/slash-3.0.0.tgz"

slice-ansi@^4.0.0:
  version "4.0.0"
  resolved "https://registry.npmjs.org/slice-ansi/-/slice-ansi-4.0.0.tgz"
  dependencies:
    ansi-styles "^4.0.0"
    astral-regex "^2.0.0"
    is-fullwidth-code-point "^3.0.0"

sorcery@^0.10.0:
  version "0.10.0"
  resolved "https://registry.npmjs.org/sorcery/-/sorcery-0.10.0.tgz"
  dependencies:
    buffer-crc32 "^0.2.5"
    minimist "^1.2.0"
    sander "^0.5.0"
    sourcemap-codec "^1.3.0"

source-map-js@^1.0.2:
  version "1.0.2"
  resolved "https://registry.npmjs.org/source-map-js/-/source-map-js-1.0.2.tgz"

source-map@^0.7.3:
  version "0.7.3"
  resolved "https://registry.npmjs.org/source-map/-/source-map-0.7.3.tgz"

sourcemap-codec@^1.3.0, sourcemap-codec@^1.4.4:
  version "1.4.8"
  resolved "https://registry.npmjs.org/sourcemap-codec/-/sourcemap-codec-1.4.8.tgz"

sprintf-js@~1.0.2:
  version "1.0.3"
  resolved "https://registry.npmjs.org/sprintf-js/-/sprintf-js-1.0.3.tgz"

string-width@^4.2.3:
  version "4.2.3"
  resolved "https://registry.npmjs.org/string-width/-/string-width-4.2.3.tgz"
  dependencies:
    emoji-regex "^8.0.0"
    is-fullwidth-code-point "^3.0.0"
    strip-ansi "^6.0.1"

strip-ansi@^6.0.0, strip-ansi@^6.0.1:
  version "6.0.1"
  resolved "https://registry.npmjs.org/strip-ansi/-/strip-ansi-6.0.1.tgz"
  dependencies:
    ansi-regex "^5.0.1"

strip-indent@^3.0.0:
  version "3.0.0"
  resolved "https://registry.npmjs.org/strip-indent/-/strip-indent-3.0.0.tgz"
  dependencies:
    min-indent "^1.0.0"

strip-json-comments@^3.1.0, strip-json-comments@^3.1.1:
  version "3.1.1"
  resolved "https://registry.npmjs.org/strip-json-comments/-/strip-json-comments-3.1.1.tgz"

supports-color@^5.3.0:
  version "5.5.0"
  resolved "https://registry.npmjs.org/supports-color/-/supports-color-5.5.0.tgz"
  dependencies:
    has-flag "^3.0.0"

supports-color@^7.1.0:
  version "7.2.0"
  resolved "https://registry.npmjs.org/supports-color/-/supports-color-7.2.0.tgz"
  dependencies:
    has-flag "^4.0.0"

supports-preserve-symlinks-flag@^1.0.0:
  version "1.0.0"
  resolved "https://registry.npmjs.org/supports-preserve-symlinks-flag/-/supports-preserve-symlinks-flag-1.0.0.tgz"

svelte-check@^2.2.6:
  version "2.4.3"
  resolved "https://registry.npmjs.org/svelte-check/-/svelte-check-2.4.3.tgz"
  dependencies:
    chokidar "^3.4.1"
    fast-glob "^3.2.7"
    import-fresh "^3.2.1"
    minimist "^1.2.5"
    picocolors "^1.0.0"
    sade "^1.7.4"
    source-map "^0.7.3"
    svelte-preprocess "^4.0.0"
    typescript "*"

svelte-hmr@^0.14.9:
  version "0.14.9"
  resolved "https://registry.npmjs.org/svelte-hmr/-/svelte-hmr-0.14.9.tgz"

svelte-preprocess@^4.0.0, svelte-preprocess@^4.10.1:
  version "4.10.3"
  resolved "https://registry.npmjs.org/svelte-preprocess/-/svelte-preprocess-4.10.3.tgz"
  dependencies:
    "@types/pug" "^2.0.4"
    "@types/sass" "^1.16.0"
    detect-indent "^6.0.0"
    magic-string "^0.25.7"
    sorcery "^0.10.0"
    strip-indent "^3.0.0"

svelte@^3.44.0:
  version "3.46.4"
  resolved "https://registry.npmjs.org/svelte/-/svelte-3.46.4.tgz"

table@^6.0.9:
  version "6.8.0"
  resolved "https://registry.npmjs.org/table/-/table-6.8.0.tgz"
  dependencies:
    ajv "^8.0.1"
    lodash.truncate "^4.4.2"
    slice-ansi "^4.0.0"
    string-width "^4.2.3"
    strip-ansi "^6.0.1"

text-table@^0.2.0:
  version "0.2.0"
  resolved "https://registry.npmjs.org/text-table/-/text-table-0.2.0.tgz"

tiny-glob@^0.2.9:
  version "0.2.9"
  resolved "https://registry.npmjs.org/tiny-glob/-/tiny-glob-0.2.9.tgz"
  dependencies:
    globalyzer "0.1.0"
    globrex "^0.1.2"

to-regex-range@^5.0.1:
  version "5.0.1"
  resolved "https://registry.npmjs.org/to-regex-range/-/to-regex-range-5.0.1.tgz"
  dependencies:
    is-number "^7.0.0"

tslib@^1.8.1:
  version "1.14.1"
  resolved "https://registry.npmjs.org/tslib/-/tslib-1.14.1.tgz"

tslib@^2.3.1:
  version "2.3.1"
  resolved "https://registry.npmjs.org/tslib/-/tslib-2.3.1.tgz"

tsutils@^3.21.0:
  version "3.21.0"
  resolved "https://registry.npmjs.org/tsutils/-/tsutils-3.21.0.tgz"
  dependencies:
    tslib "^1.8.1"

type-check@^0.4.0, type-check@~0.4.0:
  version "0.4.0"
  resolved "https://registry.npmjs.org/type-check/-/type-check-0.4.0.tgz"
  dependencies:
    prelude-ls "^1.2.1"

type-fest@^0.20.2:
  version "0.20.2"
  resolved "https://registry.npmjs.org/type-fest/-/type-fest-0.20.2.tgz"

typescript@*, typescript@~4.5.4:
  version "4.5.5"
  resolved "https://registry.npmjs.org/typescript/-/typescript-4.5.5.tgz"

unique-slug@^2.0.0:
  version "2.0.2"
  resolved "https://registry.npmjs.org/unique-slug/-/unique-slug-2.0.2.tgz"
  dependencies:
    imurmurhash "^0.1.4"

unist-util-stringify-position@^2.0.0:
  version "2.0.3"
  resolved "https://registry.npmjs.org/unist-util-stringify-position/-/unist-util-stringify-position-2.0.3.tgz"
  dependencies:
    "@types/unist" "^2.0.2"

uri-js@^4.2.2:
  version "4.4.1"
  resolved "https://registry.npmjs.org/uri-js/-/uri-js-4.4.1.tgz"
  dependencies:
    punycode "^2.1.0"

util-deprecate@^1.0.2:
  version "1.0.2"
  resolved "https://registry.npmjs.org/util-deprecate/-/util-deprecate-1.0.2.tgz"

v8-compile-cache@^2.0.3:
  version "2.3.0"
  resolved "https://registry.npmjs.org/v8-compile-cache/-/v8-compile-cache-2.3.0.tgz"

vfile-message@^2.0.4:
  version "2.0.4"
  resolved "https://registry.npmjs.org/vfile-message/-/vfile-message-2.0.4.tgz"
  dependencies:
    "@types/unist" "^2.0.0"
    unist-util-stringify-position "^2.0.0"

vite@^2.9.0:
  version "2.9.5"
  resolved "https://registry.npmjs.org/vite/-/vite-2.9.5.tgz"
  dependencies:
    esbuild "^0.14.27"
    postcss "^8.4.12"
    resolve "^1.22.0"
    rollup "^2.59.0"
  optionalDependencies:
    fsevents "~2.3.2"

which@^2.0.1:
  version "2.0.2"
  resolved "https://registry.npmjs.org/which/-/which-2.0.2.tgz"
  dependencies:
    isexe "^2.0.0"

word-wrap@^1.2.3:
  version "1.2.3"
  resolved "https://registry.npmjs.org/word-wrap/-/word-wrap-1.2.3.tgz"

worktop@0.8.0-next.12:
  version "0.8.0-next.12"
  resolved "https://registry.npmjs.org/worktop/-/worktop-0.8.0-next.12.tgz"
  dependencies:
    mrmime "^1.0.0"
    regexparam "^2.0.0"

wrappy@1:
  version "1.0.2"
  resolved "https://registry.npmjs.org/wrappy/-/wrappy-1.0.2.tgz"

xxhashjs@~0.2.2:
  version "0.2.2"
  resolved "https://registry.npmjs.org/xxhashjs/-/xxhashjs-0.2.2.tgz"
  dependencies:
    cuint "^0.2.2"

yallist@^4.0.0:
  version "4.0.0"
  resolved "https://registry.npmjs.org/yallist/-/yallist-4.0.0.tgz"
